
Microsoft Visual Studio Solution File, Format Version 12.00
# Visual Studio Version 16
VisualStudioVersion = 16.0.30128.74
MinimumVisualStudioVersion = 10.0.40219.1
Project("{FAE04EC0-301F-11D3-BF4B-00C04F79EFBC}") = "Totem_SigloXXI.Android", "Totem_SigloXXI.Android\Totem_SigloXXI.Android.csproj", "{64231822-BFAE-4FEA-9E2D-8ACA43F3FE7C}"
EndProject
Project("{FAE04EC0-301F-11D3-BF4B-00C04F79EFBC}") = "Totem_SigloXXI", "Totem_SigloXXI\Totem_SigloXXI.csproj", "{1BCC55BA-985F-4823-BD7F-9C733B76B010}"
EndProject
Global
	GlobalSection(SolutionConfigurationPlatforms) = preSolution
		Debug|Any CPU = Debug|Any CPU
		Release|Any CPU = Release|Any CPU
	EndGlobalSection
	GlobalSection(ProjectConfigurationPlatforms) = postSolution
		{64231822-BFAE-4FEA-9E2D-8ACA43F3FE7C}.Debug|Any CPU.ActiveCfg = Debug|Any CPU
		{64231822-BFAE-4FEA-9E2D-8ACA43F3FE7C}.Debug|Any CPU.Build.0 = Debug|Any CPU
		{64231822-BFAE-4FEA-9E2D-8ACA43F3FE7C}.Debug|Any CPU.Deploy.0 = Debug|Any CPU
		{64231822-BFAE-4FEA-9E2D-8ACA43F3FE7C}.Release|Any CPU.ActiveCfg = Release|Any CPU
		{64231822-BFAE-4FEA-9E2D-8ACA43F3FE7C}.Release|Any CPU.Build.0 = Release|Any CPU
		{64231822-BFAE-4FEA-9E2D-8ACA43F3FE7C}.Release|Any CPU.Deploy.0 = Release|Any CPU
		{1BCC55BA-985F-4823-BD7F-9C733B76B010}.Debug|Any CPU.ActiveCfg = Debug|Any CPU
		{1BCC55BA-985F-4823-BD7F-9C733B76B010}.Debug|Any CPU.Build.0 = Debug|Any CPU
		{1BCC55BA-985F-4823-BD7F-9C733B76B010}.Release|Any CPU.ActiveCfg = Release|Any CPU
		{1BCC55BA-985F-4823-BD7F-9C733B76B010}.Release|Any CPU.Build.0 = Release|Any CPU
	EndGlobalSection
	GlobalSection(SolutionProperties) = preSolution
		HideSolutionNode = FALSE
	EndGlobalSection
	GlobalSection(ExtensibilityGlobals) = postSolution
		SolutionGuid = {EAB4B5A2-66ED-4467-88AE-1C3F6DAD385D}
	EndGlobalSection
EndGlobal
